
Microsoft Visual Studio Solution File, Format Version 12.00
# Visual Studio Version 16
VisualStudioVersion = 16.0.31112.23
MinimumVisualStudioVersion = 10.0.40219.1
Project("{FAE04EC0-301F-11D3-BF4B-00C04F79EFBC}") = "Pic2IcoV3", "Pic2IcoV3\Pic2IcoV3.csproj", "{CDFCF067-9973-4A2D-993F-E070D0EFBE90}"
EndProject
Global
	GlobalSection(SolutionConfigurationPlatforms) = preSolution
		Debug|Any CPU = Debug|Any CPU
		Release|Any CPU = Release|Any CPU
	EndGlobalSection
	GlobalSection(ProjectConfigurationPlatforms) = postSolution
		{CDFCF067-9973-4A2D-993F-E070D0EFBE90}.Debug|Any CPU.ActiveCfg = Debug|Any CPU
		{CDFCF067-9973-4A2D-993F-E070D0EFBE90}.Debug|Any CPU.Build.0 = Debug|Any CPU
		{CDFCF067-9973-4A2D-993F-E070D0EFBE90}.Release|Any CPU.ActiveCfg = Release|Any CPU
		{CDFCF067-9973-4A2D-993F-E070D0EFBE90}.Release|Any CPU.Build.0 = Release|Any CPU
	EndGlobalSection
	GlobalSection(SolutionProperties) = preSolution
		HideSolutionNode = FALSE
	EndGlobalSection
	GlobalSection(ExtensibilityGlobals) = postSolution
		SolutionGuid = {9E5F58C9-1119-44FB-80CC-8F00325619A1}
	EndGlobalSection
EndGlobal
